
Microsoft Visual Studio Solution File, Format Version 12.00
# Visual Studio Version 16
VisualStudioVersion = 16.0.30128.74
MinimumVisualStudioVersion = 15.0.26124.0
Project("{2150E333-8FDC-42A3-9474-1A3956D46DE8}") = "1.Presentation", "1.Presentation", "{A00B3FD9-FBDC-4A3F-9EFC-64E55AA0D60F}"
EndProject
Project("{2150E333-8FDC-42A3-9474-1A3956D46DE8}") = "2.Application", "2.Application", "{E8D0BCA4-4044-4B44-9AC7-8831739D2CE9}"
EndProject
Project("{2150E333-8FDC-42A3-9474-1A3956D46DE8}") = "3.Services", "3.Services", "{A369F8DD-FD74-4907-9009-A0CCE41AF754}"
EndProject
Project("{2150E333-8FDC-42A3-9474-1A3956D46DE8}") = "4.Infra", "4.Infra", "{E4A9AF8C-51DD-44A1-8A34-CFB777E4E704}"
EndProject
Project("{2150E333-8FDC-42A3-9474-1A3956D46DE8}") = "5.Tests", "5.Tests", "{04BD1934-4F0C-4620-81C2-30AF9483290D}"
EndProject
Project("{9A19103F-16F7-4668-BE54-9A1E7A4F7556}") = "IssTracker.Presentation.Api", "IssTracker.Presentation.Api\IssTracker.Presentation.Api.csproj", "{F1033B4B-FBD9-4205-833B-F4F2B98F7136}"
EndProject
Project("{2150E333-8FDC-42A3-9474-1A3956D46DE8}") = "1.CrossCutting", "1.CrossCutting", "{7C27F6A7-B2DF-40F9-8E68-354196EA8B8C}"
EndProject
Project("{9A19103F-16F7-4668-BE54-9A1E7A4F7556}") = "IssTracker.Infra.CrossCutting.DepencyInversion", "IssTracker.Infra.CrossCutting.DepencyInversion\IssTracker.Infra.CrossCutting.DepencyInversion.csproj", "{F11B44FF-04D2-4E64-AC91-2E8158223A91}"
EndProject
Project("{2150E333-8FDC-42A3-9474-1A3956D46DE8}") = "2.ServiceProvider", "2.ServiceProvider", "{3C2FACA0-8DEE-49DF-8959-D0BFA920502E}"
EndProject
Project("{9A19103F-16F7-4668-BE54-9A1E7A4F7556}") = "IssTracker.Infra.ServiceProvider", "IssTracker.Infra.ServiceProvider\IssTracker.Infra.ServiceProvider.csproj", "{150B2D08-34B5-41BA-A7A2-F71F8FA81BDB}"
EndProject
Project("{2150E333-8FDC-42A3-9474-1A3956D46DE8}") = "1.Services", "1.Services", "{E26D63FA-2352-4449-B822-0409EA321310}"
EndProject
Project("{2150E333-8FDC-42A3-9474-1A3956D46DE8}") = "3.Validations", "3.Validations", "{CC2B77F9-1349-4853-9CA0-AA0F4968F24A}"
EndProject
Project("{FAE04EC0-301F-11D3-BF4B-00C04F79EFBC}") = "IssTracker.App.Services", "IssTracker.Application.Services\IssTracker.App.Services.csproj", "{65CC5467-2AAF-449C-8AE8-04E15102A78C}"
EndProject
Project("{FAE04EC0-301F-11D3-BF4B-00C04F79EFBC}") = "IssTracker.App.Validations", "IssTracker.Application.Validations\IssTracker.App.Validations.csproj", "{E5CDD418-1311-46BC-9D39-72DB57B606DD}"
EndProject
Project("{2150E333-8FDC-42A3-9474-1A3956D46DE8}") = "2.Messages", "2.Messages", "{D62FC05B-8FCB-4E64-A9A8-5B79662E784D}"
EndProject
Project("{FAE04EC0-301F-11D3-BF4B-00C04F79EFBC}") = "IssTracker.App.Messages", "IssTracker.App.Messages\IssTracker.App.Messages.csproj", "{FEF09C5F-FF0B-43DE-9A65-02B92C99084B}"
EndProject
Project("{2150E333-8FDC-42A3-9474-1A3956D46DE8}") = "1.Models", "1.Models", "{30DF9BDF-697B-47B0-A42E-3F0AADBA6020}"
EndProject
Project("{FAE04EC0-301F-11D3-BF4B-00C04F79EFBC}") = "IssTracker.Services.Models", "IssTracker.Services.Models\IssTracker.Services.Models.csproj", "{B1B4406C-4F11-4C2E-9120-6C8259EBBBFE}"
EndProject
Global
	GlobalSection(SolutionConfigurationPlatforms) = preSolution
		Debug|Any CPU = Debug|Any CPU
		Debug|x64 = Debug|x64
		Debug|x86 = Debug|x86
		Release|Any CPU = Release|Any CPU
		Release|x64 = Release|x64
		Release|x86 = Release|x86
	EndGlobalSection
	GlobalSection(ProjectConfigurationPlatforms) = postSolution
		{F1033B4B-FBD9-4205-833B-F4F2B98F7136}.Debug|Any CPU.ActiveCfg = Debug|Any CPU
		{F1033B4B-FBD9-4205-833B-F4F2B98F7136}.Debug|Any CPU.Build.0 = Debug|Any CPU
		{F1033B4B-FBD9-4205-833B-F4F2B98F7136}.Debug|x64.ActiveCfg = Debug|Any CPU
		{F1033B4B-FBD9-4205-833B-F4F2B98F7136}.Debug|x64.Build.0 = Debug|Any CPU
		{F1033B4B-FBD9-4205-833B-F4F2B98F7136}.Debug|x86.ActiveCfg = Debug|Any CPU
		{F1033B4B-FBD9-4205-833B-F4F2B98F7136}.Debug|x86.Build.0 = Debug|Any CPU
		{F1033B4B-FBD9-4205-833B-F4F2B98F7136}.Release|Any CPU.ActiveCfg = Release|Any CPU
		{F1033B4B-FBD9-4205-833B-F4F2B98F7136}.Release|Any CPU.Build.0 = Release|Any CPU
		{F1033B4B-FBD9-4205-833B-F4F2B98F7136}.Release|x64.ActiveCfg = Release|Any CPU
		{F1033B4B-FBD9-4205-833B-F4F2B98F7136}.Release|x64.Build.0 = Release|Any CPU
		{F1033B4B-FBD9-4205-833B-F4F2B98F7136}.Release|x86.ActiveCfg = Release|Any CPU
		{F1033B4B-FBD9-4205-833B-F4F2B98F7136}.Release|x86.Build.0 = Release|Any CPU
		{F11B44FF-04D2-4E64-AC91-2E8158223A91}.Debug|Any CPU.ActiveCfg = Debug|Any CPU
		{F11B44FF-04D2-4E64-AC91-2E8158223A91}.Debug|Any CPU.Build.0 = Debug|Any CPU
		{F11B44FF-04D2-4E64-AC91-2E8158223A91}.Debug|x64.ActiveCfg = Debug|Any CPU
		{F11B44FF-04D2-4E64-AC91-2E8158223A91}.Debug|x64.Build.0 = Debug|Any CPU
		{F11B44FF-04D2-4E64-AC91-2E8158223A91}.Debug|x86.ActiveCfg = Debug|Any CPU
		{F11B44FF-04D2-4E64-AC91-2E8158223A91}.Debug|x86.Build.0 = Debug|Any CPU
		{F11B44FF-04D2-4E64-AC91-2E8158223A91}.Release|Any CPU.ActiveCfg = Release|Any CPU
		{F11B44FF-04D2-4E64-AC91-2E8158223A91}.Release|Any CPU.Build.0 = Release|Any CPU
		{F11B44FF-04D2-4E64-AC91-2E8158223A91}.Release|x64.ActiveCfg = Release|Any CPU
		{F11B44FF-04D2-4E64-AC91-2E8158223A91}.Release|x64.Build.0 = Release|Any CPU
		{F11B44FF-04D2-4E64-AC91-2E8158223A91}.Release|x86.ActiveCfg = Release|Any CPU
		{F11B44FF-04D2-4E64-AC91-2E8158223A91}.Release|x86.Build.0 = Release|Any CPU
		{150B2D08-34B5-41BA-A7A2-F71F8FA81BDB}.Debug|Any CPU.ActiveCfg = Debug|Any CPU
		{150B2D08-34B5-41BA-A7A2-F71F8FA81BDB}.Debug|Any CPU.Build.0 = Debug|Any CPU
		{150B2D08-34B5-41BA-A7A2-F71F8FA81BDB}.Debug|x64.ActiveCfg = Debug|Any CPU
		{150B2D08-34B5-41BA-A7A2-F71F8FA81BDB}.Debug|x64.Build.0 = Debug|Any CPU
		{150B2D08-34B5-41BA-A7A2-F71F8FA81BDB}.Debug|x86.ActiveCfg = Debug|Any CPU
		{150B2D08-34B5-41BA-A7A2-F71F8FA81BDB}.Debug|x86.Build.0 = Debug|Any CPU
		{150B2D08-34B5-41BA-A7A2-F71F8FA81BDB}.Release|Any CPU.ActiveCfg = Release|Any CPU
		{150B2D08-34B5-41BA-A7A2-F71F8FA81BDB}.Release|Any CPU.Build.0 = Release|Any CPU
		{150B2D08-34B5-41BA-A7A2-F71F8FA81BDB}.Release|x64.ActiveCfg = Release|Any CPU
		{150B2D08-34B5-41BA-A7A2-F71F8FA81BDB}.Release|x64.Build.0 = Release|Any CPU
		{150B2D08-34B5-41BA-A7A2-F71F8FA81BDB}.Release|x86.ActiveCfg = Release|Any CPU
		{150B2D08-34B5-41BA-A7A2-F71F8FA81BDB}.Release|x86.Build.0 = Release|Any CPU
		{65CC5467-2AAF-449C-8AE8-04E15102A78C}.Debug|Any CPU.ActiveCfg = Debug|Any CPU
		{65CC5467-2AAF-449C-8AE8-04E15102A78C}.Debug|Any CPU.Build.0 = Debug|Any CPU
		{65CC5467-2AAF-449C-8AE8-04E15102A78C}.Debug|x64.ActiveCfg = Debug|Any CPU
		{65CC5467-2AAF-449C-8AE8-04E15102A78C}.Debug|x64.Build.0 = Debug|Any CPU
		{65CC5467-2AAF-449C-8AE8-04E15102A78C}.Debug|x86.ActiveCfg = Debug|Any CPU
		{65CC5467-2AAF-449C-8AE8-04E15102A78C}.Debug|x86.Build.0 = Debug|Any CPU
		{65CC5467-2AAF-449C-8AE8-04E15102A78C}.Release|Any CPU.ActiveCfg = Release|Any CPU
		{65CC5467-2AAF-449C-8AE8-04E15102A78C}.Release|Any CPU.Build.0 = Release|Any CPU
		{65CC5467-2AAF-449C-8AE8-04E15102A78C}.Release|x64.ActiveCfg = Release|Any CPU
		{65CC5467-2AAF-449C-8AE8-04E15102A78C}.Release|x64.Build.0 = Release|Any CPU
		{65CC5467-2AAF-449C-8AE8-04E15102A78C}.Release|x86.ActiveCfg = Release|Any CPU
		{65CC5467-2AAF-449C-8AE8-04E15102A78C}.Release|x86.Build.0 = Release|Any CPU
		{E5CDD418-1311-46BC-9D39-72DB57B606DD}.Debug|Any CPU.ActiveCfg = Debug|Any CPU
		{E5CDD418-1311-46BC-9D39-72DB57B606DD}.Debug|Any CPU.Build.0 = Debug|Any CPU
		{E5CDD418-1311-46BC-9D39-72DB57B606DD}.Debug|x64.ActiveCfg = Debug|Any CPU
		{E5CDD418-1311-46BC-9D39-72DB57B606DD}.Debug|x64.Build.0 = Debug|Any CPU
		{E5CDD418-1311-46BC-9D39-72DB57B606DD}.Debug|x86.ActiveCfg = Debug|Any CPU
		{E5CDD418-1311-46BC-9D39-72DB57B606DD}.Debug|x86.Build.0 = Debug|Any CPU
		{E5CDD418-1311-46BC-9D39-72DB57B606DD}.Release|Any CPU.ActiveCfg = Release|Any CPU
		{E5CDD418-1311-46BC-9D39-72DB57B606DD}.Release|Any CPU.Build.0 = Release|Any CPU
		{E5CDD418-1311-46BC-9D39-72DB57B606DD}.Release|x64.ActiveCfg = Release|Any CPU
		{E5CDD418-1311-46BC-9D39-72DB57B606DD}.Release|x64.Build.0 = Release|Any CPU
		{E5CDD418-1311-46BC-9D39-72DB57B606DD}.Release|x86.ActiveCfg = Release|Any CPU
		{E5CDD418-1311-46BC-9D39-72DB57B606DD}.Release|x86.Build.0 = Release|Any CPU
		{FEF09C5F-FF0B-43DE-9A65-02B92C99084B}.Debug|Any CPU.ActiveCfg = Debug|Any CPU
		{FEF09C5F-FF0B-43DE-9A65-02B92C99084B}.Debug|Any CPU.Build.0 = Debug|Any CPU
		{FEF09C5F-FF0B-43DE-9A65-02B92C99084B}.Debug|x64.ActiveCfg = Debug|Any CPU
		{FEF09C5F-FF0B-43DE-9A65-02B92C99084B}.Debug|x64.Build.0 = Debug|Any CPU
		{FEF09C5F-FF0B-43DE-9A65-02B92C99084B}.Debug|x86.ActiveCfg = Debug|Any CPU
		{FEF09C5F-FF0B-43DE-9A65-02B92C99084B}.Debug|x86.Build.0 = Debug|Any CPU
		{FEF09C5F-FF0B-43DE-9A65-02B92C99084B}.Release|Any CPU.ActiveCfg = Release|Any CPU
		{FEF09C5F-FF0B-43DE-9A65-02B92C99084B}.Release|Any CPU.Build.0 = Release|Any CPU
		{FEF09C5F-FF0B-43DE-9A65-02B92C99084B}.Release|x64.ActiveCfg = Release|Any CPU
		{FEF09C5F-FF0B-43DE-9A65-02B92C99084B}.Release|x64.Build.0 = Release|Any CPU
		{FEF09C5F-FF0B-43DE-9A65-02B92C99084B}.Release|x86.ActiveCfg = Release|Any CPU
		{FEF09C5F-FF0B-43DE-9A65-02B92C99084B}.Release|x86.Build.0 = Release|Any CPU
		{B1B4406C-4F11-4C2E-9120-6C8259EBBBFE}.Debug|Any CPU.ActiveCfg = Debug|Any CPU
		{B1B4406C-4F11-4C2E-9120-6C8259EBBBFE}.Debug|Any CPU.Build.0 = Debug|Any CPU
		{B1B4406C-4F11-4C2E-9120-6C8259EBBBFE}.Debug|x64.ActiveCfg = Debug|Any CPU
		{B1B4406C-4F11-4C2E-9120-6C8259EBBBFE}.Debug|x64.Build.0 = Debug|Any CPU
		{B1B4406C-4F11-4C2E-9120-6C8259EBBBFE}.Debug|x86.ActiveCfg = Debug|Any CPU
		{B1B4406C-4F11-4C2E-9120-6C8259EBBBFE}.Debug|x86.Build.0 = Debug|Any CPU
		{B1B4406C-4F11-4C2E-9120-6C8259EBBBFE}.Release|Any CPU.ActiveCfg = Release|Any CPU
		{B1B4406C-4F11-4C2E-9120-6C8259EBBBFE}.Release|Any CPU.Build.0 = Release|Any CPU
		{B1B4406C-4F11-4C2E-9120-6C8259EBBBFE}.Release|x64.ActiveCfg = Release|Any CPU
		{B1B4406C-4F11-4C2E-9120-6C8259EBBBFE}.Release|x64.Build.0 = Release|Any CPU
		{B1B4406C-4F11-4C2E-9120-6C8259EBBBFE}.Release|x86.ActiveCfg = Release|Any CPU
		{B1B4406C-4F11-4C2E-9120-6C8259EBBBFE}.Release|x86.Build.0 = Release|Any CPU
	EndGlobalSection
	GlobalSection(SolutionProperties) = preSolution
		HideSolutionNode = FALSE
	EndGlobalSection
	GlobalSection(NestedProjects) = preSolution
		{F1033B4B-FBD9-4205-833B-F4F2B98F7136} = {A00B3FD9-FBDC-4A3F-9EFC-64E55AA0D60F}
		{7C27F6A7-B2DF-40F9-8E68-354196EA8B8C} = {E4A9AF8C-51DD-44A1-8A34-CFB777E4E704}
		{F11B44FF-04D2-4E64-AC91-2E8158223A91} = {7C27F6A7-B2DF-40F9-8E68-354196EA8B8C}
		{3C2FACA0-8DEE-49DF-8959-D0BFA920502E} = {E4A9AF8C-51DD-44A1-8A34-CFB777E4E704}
		{150B2D08-34B5-41BA-A7A2-F71F8FA81BDB} = {3C2FACA0-8DEE-49DF-8959-D0BFA920502E}
		{E26D63FA-2352-4449-B822-0409EA321310} = {E8D0BCA4-4044-4B44-9AC7-8831739D2CE9}
		{CC2B77F9-1349-4853-9CA0-AA0F4968F24A} = {E8D0BCA4-4044-4B44-9AC7-8831739D2CE9}
		{65CC5467-2AAF-449C-8AE8-04E15102A78C} = {E26D63FA-2352-4449-B822-0409EA321310}
		{E5CDD418-1311-46BC-9D39-72DB57B606DD} = {CC2B77F9-1349-4853-9CA0-AA0F4968F24A}
		{D62FC05B-8FCB-4E64-A9A8-5B79662E784D} = {E8D0BCA4-4044-4B44-9AC7-8831739D2CE9}
		{FEF09C5F-FF0B-43DE-9A65-02B92C99084B} = {D62FC05B-8FCB-4E64-A9A8-5B79662E784D}
		{30DF9BDF-697B-47B0-A42E-3F0AADBA6020} = {A369F8DD-FD74-4907-9009-A0CCE41AF754}
		{B1B4406C-4F11-4C2E-9120-6C8259EBBBFE} = {30DF9BDF-697B-47B0-A42E-3F0AADBA6020}
	EndGlobalSection
	GlobalSection(ExtensibilityGlobals) = postSolution
		SolutionGuid = {08245AFD-600F-4B7C-BA9D-AB6A00652E17}
	EndGlobalSection
EndGlobal
